
Microsoft Visual Studio Solution File, Format Version 12.00
# Visual Studio Version 16
VisualStudioVersion = 16.0.30907.101
MinimumVisualStudioVersion = 10.0.40219.1
Project("{FAE04EC0-301F-11D3-BF4B-00C04F79EFBC}") = "WebAPI", "WebAPI\WebAPI.csproj", "{1A3DE47E-37CC-4C29-96B0-3F1BE8D1602C}"
EndProject
Global
	GlobalSection(SolutionConfigurationPlatforms) = preSolution
		Debug|Any CPU = Debug|Any CPU
		Release|Any CPU = Release|Any CPU
	EndGlobalSection
	GlobalSection(ProjectConfigurationPlatforms) = postSolution
		{1A3DE47E-37CC-4C29-96B0-3F1BE8D1602C}.Debug|Any CPU.ActiveCfg = Debug|Any CPU
		{1A3DE47E-37CC-4C29-96B0-3F1BE8D1602C}.Debug|Any CPU.Build.0 = Debug|Any CPU
		{1A3DE47E-37CC-4C29-96B0-3F1BE8D1602C}.Release|Any CPU.ActiveCfg = Release|Any CPU
		{1A3DE47E-37CC-4C29-96B0-3F1BE8D1602C}.Release|Any CPU.Build.0 = Release|Any CPU
	EndGlobalSection
	GlobalSection(SolutionProperties) = preSolution
		HideSolutionNode = FALSE
	EndGlobalSection
	GlobalSection(ExtensibilityGlobals) = postSolution
		SolutionGuid = {4D7C8947-39CA-4CF5-92F0-3240E8044EB1}
	EndGlobalSection
EndGlobal
